
Microsoft Visual Studio Solution File, Format Version 12.00
# Visual Studio Version 17
VisualStudioVersion = 17.6.33723.286
MinimumVisualStudioVersion = 10.0.40219.1
Project("{FAE04EC0-301F-11D3-BF4B-00C04F79EFBC}") = "Generics Homework", "Generics Homework.csproj", "{414A8153-4B9F-4323-96D3-0DC7D11770E7}"
EndProject
Global
	GlobalSection(SolutionConfigurationPlatforms) = preSolution
		Debug|Any CPU = Debug|Any CPU
		Release|Any CPU = Release|Any CPU
	EndGlobalSection
	GlobalSection(ProjectConfigurationPlatforms) = postSolution
		{414A8153-4B9F-4323-96D3-0DC7D11770E7}.Debug|Any CPU.ActiveCfg = Debug|Any CPU
		{414A8153-4B9F-4323-96D3-0DC7D11770E7}.Debug|Any CPU.Build.0 = Debug|Any CPU
		{414A8153-4B9F-4323-96D3-0DC7D11770E7}.Release|Any CPU.ActiveCfg = Release|Any CPU
		{414A8153-4B9F-4323-96D3-0DC7D11770E7}.Release|Any CPU.Build.0 = Release|Any CPU
	EndGlobalSection
	GlobalSection(SolutionProperties) = preSolution
		HideSolutionNode = FALSE
	EndGlobalSection
	GlobalSection(ExtensibilityGlobals) = postSolution
		SolutionGuid = {9A8D0F6E-28F7-4B71-923F-2ED3A808801A}
	EndGlobalSection
EndGlobal
